
Microsoft Visual Studio Solution File, Format Version 12.00
# Visual Studio Version 16
VisualStudioVersion = 16.0.30804.86
MinimumVisualStudioVersion = 10.0.40219.1
Project("{9A19103F-16F7-4668-BE54-9A1E7A4F7556}") = "BookMyShowAPI", "BookMyShow\BookMyShowAPI.csproj", "{A71F02B3-2837-419B-BD97-B8154F11F3CB}"
EndProject
Global
	GlobalSection(SolutionConfigurationPlatforms) = preSolution
		Debug|Any CPU = Debug|Any CPU
		Release|Any CPU = Release|Any CPU
	EndGlobalSection
	GlobalSection(ProjectConfigurationPlatforms) = postSolution
		{A71F02B3-2837-419B-BD97-B8154F11F3CB}.Debug|Any CPU.ActiveCfg = Debug|Any CPU
		{A71F02B3-2837-419B-BD97-B8154F11F3CB}.Debug|Any CPU.Build.0 = Debug|Any CPU
		{A71F02B3-2837-419B-BD97-B8154F11F3CB}.Release|Any CPU.ActiveCfg = Release|Any CPU
		{A71F02B3-2837-419B-BD97-B8154F11F3CB}.Release|Any CPU.Build.0 = Release|Any CPU
	EndGlobalSection
	GlobalSection(SolutionProperties) = preSolution
		HideSolutionNode = FALSE
	EndGlobalSection
	GlobalSection(ExtensibilityGlobals) = postSolution
		SolutionGuid = {4F5CB17A-7CCE-4C06-8C45-C5AD7419436B}
	EndGlobalSection
EndGlobal
